schema: '2.0'
stages:
  data_ingestion:
    cmd: python src/data_ingestion.py
    deps:
    - path: src/data_ingestion.py
      hash: md5
      md5: 3bb4fea82fa935b87b991f2b8dc00bfd
      size: 1067
    outs:
    - path: data/raw
      hash: md5
      md5: fb326d2eec197669f9638afde28356bf.dir
      size: 827973
      nfiles: 2
  data_preprocessing:
    cmd: python src/data_preprocessing.py
    deps:
    - path: data/raw
      hash: md5
      md5: fb326d2eec197669f9638afde28356bf.dir
      size: 827973
      nfiles: 2
    - path: src/data_preprocessing.py
      hash: md5
      md5: 750f51c515cf92665fe2f0d9d32834e0
      size: 3623
    outs:
    - path: data/processed
      hash: md5
      md5: ef37afd17951ea8af23114b28d26f784.dir
      size: 566210
      nfiles: 2
  feature_engg:
    cmd: python src/feature_engg.py
    deps:
    - path: data/processed
      hash: md5
      md5: ef37afd17951ea8af23114b28d26f784.dir
      size: 566210
      nfiles: 2
    - path: src/feature_engg.py
      hash: md5
      md5: bc734dfb091b31c0df4a04d7427d59ba
      size: 1352
    outs:
    - path: data/features
      hash: md5
      md5: e23f239d9b0ab78a914de4fd714323e6.dir
      size: 295408302
      nfiles: 2
  model_building:
    cmd: python src/model_building.py
    deps:
    - path: data/features
      hash: md5
      md5: e23f239d9b0ab78a914de4fd714323e6.dir
      size: 295408302
      nfiles: 2
    - path: src/model_building.py
      hash: md5
      md5: d0a1a423a3401aa3fbda112fb8922555
      size: 570
    outs:
    - path: models/random_forest_model.pkl
      hash: md5
      md5: f67b0514bb4f1e0d8e0fef61c9c420b1
      size: 27803953
  model_evaluation:
    cmd: python src\model_evaluation.py
    deps:
    - path: data/features/test_features.csv
      hash: md5
      md5: fe8680a8b20b873d55e63aec5b3d1aa2
      size: 59114847
    - path: models/random_forest_model.pkl
      hash: md5
      md5: f67b0514bb4f1e0d8e0fef61c9c420b1
      size: 27803953
    outs:
    - path: metrics_dict.json
      hash: md5
      md5: 7e842425af292c9788ccbfc0d1a2b0aa
      size: 125
